
Microsoft Visual Studio Solution File, Format Version 12.00
# Visual Studio Version 17
VisualStudioVersion = 17.10.35122.118
MinimumVisualStudioVersion = 10.0.40219.1
Project("{FAE04EC0-301F-11D3-BF4B-00C04F79EFBC}") = "BackendAPI", "BackendAPI\BackendAPI.csproj", "{7C20CA05-420C-4722-9028-AFC44A7B2668}"
EndProject
Global
	GlobalSection(SolutionConfigurationPlatforms) = preSolution
		Debug|Any CPU = Debug|Any CPU
		Release|Any CPU = Release|Any CPU
	EndGlobalSection
	GlobalSection(ProjectConfigurationPlatforms) = postSolution
		{7C20CA05-420C-4722-9028-AFC44A7B2668}.Debug|Any CPU.ActiveCfg = Debug|Any CPU
		{7C20CA05-420C-4722-9028-AFC44A7B2668}.Debug|Any CPU.Build.0 = Debug|Any CPU
		{7C20CA05-420C-4722-9028-AFC44A7B2668}.Release|Any CPU.ActiveCfg = Release|Any CPU
		{7C20CA05-420C-4722-9028-AFC44A7B2668}.Release|Any CPU.Build.0 = Release|Any CPU
	EndGlobalSection
	GlobalSection(SolutionProperties) = preSolution
		HideSolutionNode = FALSE
	EndGlobalSection
	GlobalSection(ExtensibilityGlobals) = postSolution
		SolutionGuid = {DF7CD0F9-E235-4357-A4A4-F6523D16C495}
	EndGlobalSection
EndGlobal
